// !$*UTF8*$!
{
	archiveVersion = 1;
	classes = {
	};
	objectVersion = 56;
	objects = {

/* Begin PBXBuildFile section */
		4947374B2C787E6300EA38EB /* nanocon02App.swift in Sources */ = {isa = PBXBuildFile; fileRef = 4947374A2C787E6300EA38EB /* nanocon02App.swift */; };
		4947374F2C787E6600EA38EB /* Assets.xcassets in Resources */ = {isa = PBXBuildFile; fileRef = 4947374E2C787E6600EA38EB /* Assets.xcassets */; };
		494737522C787E6600EA38EB /* Preview Assets.xcassets in Resources */ = {isa = PBXBuildFile; fileRef = 494737512C787E6600EA38EB /* Preview Assets.xcassets */; };
		494737A92C7D899600EA38EB /* Talk01.swift in Sources */ = {isa = PBXBuildFile; fileRef = 494737A82C7D899600EA38EB /* Talk01.swift */; };
		494737AB2C7D954D00EA38EB /* Talk02.swift in Sources */ = {isa = PBXBuildFile; fileRef = 494737AA2C7D954D00EA38EB /* Talk02.swift */; };
		494737AD2C7D9EC000EA38EB /* Talk03.swift in Sources */ = {isa = PBXBuildFile; fileRef = 494737AC2C7D9EC000EA38EB /* Talk03.swift */; };
		C1D8CEE52C8D4BB6006335C2 /* AppDelegate.swift in Sources */ = {isa = PBXBuildFile; fileRef = C1D8CEE42C8D4BB6006335C2 /* AppDelegate.swift */; };
		C1D8CEE82C8D4C77006335C2 /* LoginView.swift in Sources */ = {isa = PBXBuildFile; fileRef = C1D8CEE72C8D4C77006335C2 /* LoginView.swift */; };
		C1D8CEEA2C8D4CD3006335C2 /* CookieManager.swift in Sources */ = {isa = PBXBuildFile; fileRef = C1D8CEE92C8D4CD3006335C2 /* CookieManager.swift */; };
		C1D8CEED2C8D5292006335C2 /* LoginViewModel.swift in Sources */ = {isa = PBXBuildFile; fileRef = C1D8CEEC2C8D5292006335C2 /* LoginViewModel.swift */; };
		C1D8CEEF2C8D5479006335C2 /* SignupView.swift in Sources */ = {isa = PBXBuildFile; fileRef = C1D8CEEE2C8D5479006335C2 /* SignupView.swift */; };
		C1D8CEF12C8D54E5006335C2 /* SignupViewModel.swift in Sources */ = {isa = PBXBuildFile; fileRef = C1D8CEF02C8D54E5006335C2 /* SignupViewModel.swift */; };
		C1D8CEF32C8D60F8006335C2 /* TestView.swift in Sources */ = {isa = PBXBuildFile; fileRef = C1D8CEF22C8D60F8006335C2 /* TestView.swift */; };
		C1D8CEF62C8D9158006335C2 /* Auth.swift in Sources */ = {isa = PBXBuildFile; fileRef = C1D8CEF52C8D9158006335C2 /* Auth.swift */; };
		C1D8CEF82C8DB02E006335C2 /* TestViewModel.swift in Sources */ = {isa = PBXBuildFile; fileRef = C1D8CEF72C8DB02E006335C2 /* TestViewModel.swift */; };
		C1D8CEFA2C8DB94A006335C2 /* DeleteView.swift in Sources */ = {isa = PBXBuildFile; fileRef = C1D8CEF92C8DB94A006335C2 /* DeleteView.swift */; };
		C1D8CEFC2C8DB9B8006335C2 /* DeleteViewModel.swift in Sources */ = {isa = PBXBuildFile; fileRef = C1D8CEFB2C8DB9B8006335C2 /* DeleteViewModel.swift */; };
		C1D8CEFE2C8DD2B1006335C2 /* NavigationModel.swift in Sources */ = {isa = PBXBuildFile; fileRef = C1D8CEFD2C8DD2B1006335C2 /* NavigationModel.swift */; };
		C1D8CF002C8E80FD006335C2 /* BaseUrl.swift in Sources */ = {isa = PBXBuildFile; fileRef = C1D8CEFF2C8E80FD006335C2 /* BaseUrl.swift */; };
		C1D8CF022C8FD492006335C2 /* HomeView.swift in Sources */ = {isa = PBXBuildFile; fileRef = C1D8CF012C8FD492006335C2 /* HomeView.swift */; };
		C1D8CF042C912F28006335C2 /* DeviceConfig.swift in Sources */ = {isa = PBXBuildFile; fileRef = C1D8CF032C912F28006335C2 /* DeviceConfig.swift */; };
		C1D8CF062C913241006335C2 /* UserBleCharacteristic.swift in Sources */ = {isa = PBXBuildFile; fileRef = C1D8CF052C913241006335C2 /* UserBleCharacteristic.swift */; };
		C1D8CF082C913277006335C2 /* UserBleService.swift in Sources */ = {isa = PBXBuildFile; fileRef = C1D8CF072C913277006335C2 /* UserBleService.swift */; };
		C1D8CF0A2C91329B006335C2 /* UserBlePeripheral.swift in Sources */ = {isa = PBXBuildFile; fileRef = C1D8CF092C91329B006335C2 /* UserBlePeripheral.swift */; };
		C1D8CF0C2C913318006335C2 /* BleCommViewModel.swift in Sources */ = {isa = PBXBuildFile; fileRef = C1D8CF0B2C913318006335C2 /* BleCommViewModel.swift */; };
		C1D8CF0E2C9137A3006335C2 /* SearchDeviceView.swift in Sources */ = {isa = PBXBuildFile; fileRef = C1D8CF0D2C9137A3006335C2 /* SearchDeviceView.swift */; };
		C1D8CF102C9139F2006335C2 /* DeviceDetailView.swift in Sources */ = {isa = PBXBuildFile; fileRef = C1D8CF0F2C9139F2006335C2 /* DeviceDetailView.swift */; };
		C1D8CF122C913A20006335C2 /* CharacteristicPropertyView.swift in Sources */ = {isa = PBXBuildFile; fileRef = C1D8CF112C913A20006335C2 /* CharacteristicPropertyView.swift */; };
		C1D8CF142C9197E4006335C2 /* DevicePairingSuccessView.swift in Sources */ = {isa = PBXBuildFile; fileRef = C1D8CF132C9197E4006335C2 /* DevicePairingSuccessView.swift */; };
		C1D8CF172C92D5B1006335C2 /* BeaconReceiver.swift in Sources */ = {isa = PBXBuildFile; fileRef = C1D8CF162C92D5B1006335C2 /* BeaconReceiver.swift */; };
		C1D8CF192C92E895006335C2 /* BeaconView.swift in Sources */ = {isa = PBXBuildFile; fileRef = C1D8CF182C92E895006335C2 /* BeaconView.swift */; };
		C1D8CF1B2C931126006335C2 /* CharacteristicPropertyViewModel.swift in Sources */ = {isa = PBXBuildFile; fileRef = C1D8CF1A2C931126006335C2 /* CharacteristicPropertyViewModel.swift */; };
		C1D8CF292C954F20006335C2 /* StreetPassView.swift in Sources */ = {isa = PBXBuildFile; fileRef = C1D8CF282C954F20006335C2 /* StreetPassView.swift */; };
		C1D8CF2B2C954F4D006335C2 /* StreetPassViewModel.swift in Sources */ = {isa = PBXBuildFile; fileRef = C1D8CF2A2C954F4D006335C2 /* StreetPassViewModel.swift */; };
		C1D8CF4B2C992137006335C2 /* FriendView.swift in Sources */ = {isa = PBXBuildFile; fileRef = C1D8CF4A2C992136006335C2 /* FriendView.swift */; };
		C1D8CF4D2C9924BB006335C2 /* FriendList.swift in Sources */ = {isa = PBXBuildFile; fileRef = C1D8CF4C2C9924BB006335C2 /* FriendList.swift */; };
		C1D8CF4F2C993612006335C2 /* LostChildView.swift in Sources */ = {isa = PBXBuildFile; fileRef = C1D8CF4E2C993612006335C2 /* LostChildView.swift */; };
		C1D8CF512C9936B0006335C2 /* LostChildrenList.swift in Sources */ = {isa = PBXBuildFile; fileRef = C1D8CF502C9936B0006335C2 /* LostChildrenList.swift */; };
		C1D8CF532C993907006335C2 /* ProfileView.swift in Sources */ = {isa = PBXBuildFile; fileRef = C1D8CF522C993907006335C2 /* ProfileView.swift */; };
		C1D8CF552C9939E2006335C2 /* MyProfile.swift in Sources */ = {isa = PBXBuildFile; fileRef = C1D8CF542C9939E2006335C2 /* MyProfile.swift */; };
		C1D8CF572C993BD8006335C2 /* ChildView.swift in Sources */ = {isa = PBXBuildFile; fileRef = C1D8CF562C993BD8006335C2 /* ChildView.swift */; };
		C1D8CF592C993BF4006335C2 /* MyChildrenList.swift in Sources */ = {isa = PBXBuildFile; fileRef = C1D8CF582C993BF4006335C2 /* MyChildrenList.swift */; };
		C1D8CF602C9948B8006335C2 /* ChildLoginView.swift in Sources */ = {isa = PBXBuildFile; fileRef = C1D8CF5F2C9948B8006335C2 /* ChildLoginView.swift */; };
		C1D8CF642C994975006335C2 /* ChildLoginViewModel.swift in Sources */ = {isa = PBXBuildFile; fileRef = C1D8CF632C994975006335C2 /* ChildLoginViewModel.swift */; };
/* End PBXBuildFile section */

/* Begin PBXFileReference section */
		494737472C787E6300EA38EB /* nanocon02.app */ = {isa = PBXFileReference; explicitFileType = wrapper.application; includeInIndex = 0; path = nanocon02.app; sourceTree = BUILT_PRODUCTS_DIR; };
		4947374A2C787E6300EA38EB /* nanocon02App.swift */ = {isa = PBXFileReference; lastKnownFileType = sourcecode.swift; path = nanocon02App.swift; sourceTree = "<group>"; };
		4947374E2C787E6600EA38EB /* Assets.xcassets */ = {isa = PBXFileReference; lastKnownFileType = folder.assetcatalog; path = Assets.xcassets; sourceTree = "<group>"; };
		494737512C787E6600EA38EB /* Preview Assets.xcassets */ = {isa = PBXFileReference; lastKnownFileType = folder.assetcatalog; path = "Preview Assets.xcassets"; sourceTree = "<group>"; };
		494737A82C7D899600EA38EB /* Talk01.swift */ = {isa = PBXFileReference; lastKnownFileType = sourcecode.swift; path = Talk01.swift; sourceTree = "<group>"; };
		494737AA2C7D954D00EA38EB /* Talk02.swift */ = {isa = PBXFileReference; lastKnownFileType = sourcecode.swift; path = Talk02.swift; sourceTree = "<group>"; };
		494737AC2C7D9EC000EA38EB /* Talk03.swift */ = {isa = PBXFileReference; lastKnownFileType = sourcecode.swift; path = Talk03.swift; sourceTree = "<group>"; };
		C1D8CEE42C8D4BB6006335C2 /* AppDelegate.swift */ = {isa = PBXFileReference; lastKnownFileType = sourcecode.swift; path = AppDelegate.swift; sourceTree = "<group>"; };
		C1D8CEE72C8D4C77006335C2 /* LoginView.swift */ = {isa = PBXFileReference; lastKnownFileType = sourcecode.swift; path = LoginView.swift; sourceTree = "<group>"; };
		C1D8CEE92C8D4CD3006335C2 /* CookieManager.swift */ = {isa = PBXFileReference; lastKnownFileType = sourcecode.swift; path = CookieManager.swift; sourceTree = "<group>"; };
		C1D8CEEC2C8D5292006335C2 /* LoginViewModel.swift */ = {isa = PBXFileReference; lastKnownFileType = sourcecode.swift; path = LoginViewModel.swift; sourceTree = "<group>"; };
		C1D8CEEE2C8D5479006335C2 /* SignupView.swift */ = {isa = PBXFileReference; lastKnownFileType = sourcecode.swift; path = SignupView.swift; sourceTree = "<group>"; };
		C1D8CEF02C8D54E5006335C2 /* SignupViewModel.swift */ = {isa = PBXFileReference; lastKnownFileType = sourcecode.swift; path = SignupViewModel.swift; sourceTree = "<group>"; };
		C1D8CEF22C8D60F8006335C2 /* TestView.swift */ = {isa = PBXFileReference; lastKnownFileType = sourcecode.swift; path = TestView.swift; sourceTree = "<group>"; };
		C1D8CEF52C8D9158006335C2 /* Auth.swift */ = {isa = PBXFileReference; lastKnownFileType = sourcecode.swift; path = Auth.swift; sourceTree = "<group>"; };
		C1D8CEF72C8DB02E006335C2 /* TestViewModel.swift */ = {isa = PBXFileReference; lastKnownFileType = sourcecode.swift; path = TestViewModel.swift; sourceTree = "<group>"; };
		C1D8CEF92C8DB94A006335C2 /* DeleteView.swift */ = {isa = PBXFileReference; lastKnownFileType = sourcecode.swift; path = DeleteView.swift; sourceTree = "<group>"; };
		C1D8CEFB2C8DB9B8006335C2 /* DeleteViewModel.swift */ = {isa = PBXFileReference; lastKnownFileType = sourcecode.swift; path = DeleteViewModel.swift; sourceTree = "<group>"; };
		C1D8CEFD2C8DD2B1006335C2 /* NavigationModel.swift */ = {isa = PBXFileReference; lastKnownFileType = sourcecode.swift; path = NavigationModel.swift; sourceTree = "<group>"; };
		C1D8CEFF2C8E80FD006335C2 /* BaseUrl.swift */ = {isa = PBXFileReference; lastKnownFileType = sourcecode.swift; path = BaseUrl.swift; sourceTree = "<group>"; };
		C1D8CF012C8FD492006335C2 /* HomeView.swift */ = {isa = PBXFileReference; lastKnownFileType = sourcecode.swift; path = HomeView.swift; sourceTree = "<group>"; };
		C1D8CF032C912F28006335C2 /* DeviceConfig.swift */ = {isa = PBXFileReference; lastKnownFileType = sourcecode.swift; path = DeviceConfig.swift; sourceTree = "<group>"; };
		C1D8CF052C913241006335C2 /* UserBleCharacteristic.swift */ = {isa = PBXFileReference; lastKnownFileType = sourcecode.swift; path = UserBleCharacteristic.swift; sourceTree = "<group>"; };
		C1D8CF072C913277006335C2 /* UserBleService.swift */ = {isa = PBXFileReference; lastKnownFileType = sourcecode.swift; path = UserBleService.swift; sourceTree = "<group>"; };
		C1D8CF092C91329B006335C2 /* UserBlePeripheral.swift */ = {isa = PBXFileReference; lastKnownFileType = sourcecode.swift; path = UserBlePeripheral.swift; sourceTree = "<group>"; };
		C1D8CF0B2C913318006335C2 /* BleCommViewModel.swift */ = {isa = PBXFileReference; lastKnownFileType = sourcecode.swift; path = BleCommViewModel.swift; sourceTree = "<group>"; };
		C1D8CF0D2C9137A3006335C2 /* SearchDeviceView.swift */ = {isa = PBXFileReference; lastKnownFileType = sourcecode.swift; path = SearchDeviceView.swift; sourceTree = "<group>"; };
		C1D8CF0F2C9139F2006335C2 /* DeviceDetailView.swift */ = {isa = PBXFileReference; lastKnownFileType = sourcecode.swift; path = DeviceDetailView.swift; sourceTree = "<group>"; };
		C1D8CF112C913A20006335C2 /* CharacteristicPropertyView.swift */ = {isa = PBXFileReference; lastKnownFileType = sourcecode.swift; path = CharacteristicPropertyView.swift; sourceTree = "<group>"; };
		C1D8CF132C9197E4006335C2 /* DevicePairingSuccessView.swift */ = {isa = PBXFileReference; lastKnownFileType = sourcecode.swift; path = DevicePairingSuccessView.swift; sourceTree = "<group>"; };
		C1D8CF162C92D5B1006335C2 /* BeaconReceiver.swift */ = {isa = PBXFileReference; lastKnownFileType = sourcecode.swift; path = BeaconReceiver.swift; sourceTree = "<group>"; };
		C1D8CF182C92E895006335C2 /* BeaconView.swift */ = {isa = PBXFileReference; lastKnownFileType = sourcecode.swift; path = BeaconView.swift; sourceTree = "<group>"; };
		C1D8CF1A2C931126006335C2 /* CharacteristicPropertyViewModel.swift */ = {isa = PBXFileReference; lastKnownFileType = sourcecode.swift; path = CharacteristicPropertyViewModel.swift; sourceTree = "<group>"; };
		C1D8CF282C954F20006335C2 /* StreetPassView.swift */ = {isa = PBXFileReference; lastKnownFileType = sourcecode.swift; path = StreetPassView.swift; sourceTree = "<group>"; };
		C1D8CF2A2C954F4D006335C2 /* StreetPassViewModel.swift */ = {isa = PBXFileReference; lastKnownFileType = sourcecode.swift; path = StreetPassViewModel.swift; sourceTree = "<group>"; };
		C1D8CF4A2C992136006335C2 /* FriendView.swift */ = {isa = PBXFileReference; lastKnownFileType = sourcecode.swift; path = FriendView.swift; sourceTree = "<group>"; };
		C1D8CF4C2C9924BB006335C2 /* FriendList.swift */ = {isa = PBXFileReference; lastKnownFileType = sourcecode.swift; path = FriendList.swift; sourceTree = "<group>"; };
		C1D8CF4E2C993612006335C2 /* LostChildView.swift */ = {isa = PBXFileReference; lastKnownFileType = sourcecode.swift; path = LostChildView.swift; sourceTree = "<group>"; };
		C1D8CF502C9936B0006335C2 /* LostChildrenList.swift */ = {isa = PBXFileReference; lastKnownFileType = sourcecode.swift; path = LostChildrenList.swift; sourceTree = "<group>"; };
		C1D8CF522C993907006335C2 /* ProfileView.swift */ = {isa = PBXFileReference; lastKnownFileType = sourcecode.swift; path = ProfileView.swift; sourceTree = "<group>"; };
		C1D8CF542C9939E2006335C2 /* MyProfile.swift */ = {isa = PBXFileReference; lastKnownFileType = sourcecode.swift; path = MyProfile.swift; sourceTree = "<group>"; };
		C1D8CF562C993BD8006335C2 /* ChildView.swift */ = {isa = PBXFileReference; lastKnownFileType = sourcecode.swift; path = ChildView.swift; sourceTree = "<group>"; };
		C1D8CF582C993BF4006335C2 /* MyChildrenList.swift */ = {isa = PBXFileReference; lastKnownFileType = sourcecode.swift; path = MyChildrenList.swift; sourceTree = "<group>"; };
		C1D8CF5F2C9948B8006335C2 /* ChildLoginView.swift */ = {isa = PBXFileReference; lastKnownFileType = sourcecode.swift; path = ChildLoginView.swift; sourceTree = "<group>"; };
		C1D8CF632C994975006335C2 /* ChildLoginViewModel.swift */ = {isa = PBXFileReference; lastKnownFileType = sourcecode.swift; path = ChildLoginViewModel.swift; sourceTree = "<group>"; };
/* End PBXFileReference section */

/* Begin PBXFrameworksBuildPhase section */
		494737442C787E6300EA38EB /* Frameworks */ = {
			isa = PBXFrameworksBuildPhase;
			buildActionMask = 2147483647;
			files = (
			);
			runOnlyForDeploymentPostprocessing = 0;
		};
/* End PBXFrameworksBuildPhase section */

/* Begin PBXGroup section */
		4947373E2C787E6300EA38EB = {
			isa = PBXGroup;
			children = (
				4947376A2C7AE8B400EA38EB /* Resources */,
				494737492C787E6300EA38EB /* nanocon02 */,
				494737482C787E6300EA38EB /* Products */,
			);
			sourceTree = "<group>";
		};
		494737482C787E6300EA38EB /* Products */ = {
			isa = PBXGroup;
			children = (
				494737472C787E6300EA38EB /* nanocon02.app */,
			);
			name = Products;
			sourceTree = "<group>";
		};
		494737492C787E6300EA38EB /* nanocon02 */ = {
			isa = PBXGroup;
			children = (
				C1D8CF152C92D47D006335C2 /* lib */,
				C1D8CEF42C8D9140006335C2 /* Data */,
				C1D8CEEB2C8D527F006335C2 /* ViewModel */,
				C1D8CEE62C8D4C56006335C2 /* View */,
				494737A82C7D899600EA38EB /* Talk01.swift */,
				494737AA2C7D954D00EA38EB /* Talk02.swift */,
				494737AC2C7D9EC000EA38EB /* Talk03.swift */,
				4947374A2C787E6300EA38EB /* nanocon02App.swift */,
				4947374E2C787E6600EA38EB /* Assets.xcassets */,
				494737502C787E6600EA38EB /* Preview Content */,
			);
			path = nanocon02;
			sourceTree = "<group>";
		};
		494737502C787E6600EA38EB /* Preview Content */ = {
			isa = PBXGroup;
			children = (
				494737512C787E6600EA38EB /* Preview Assets.xcassets */,
			);
			path = "Preview Content";
			sourceTree = "<group>";
		};
		4947376A2C7AE8B400EA38EB /* Resources */ = {
			isa = PBXGroup;
			children = (
			);
			name = Resources;
			path = ../../../../../Desktop/Resources;
			sourceTree = "<group>";
		};
		C1D8CEE62C8D4C56006335C2 /* View */ = {
			isa = PBXGroup;
			children = (
				C1D8CEE72C8D4C77006335C2 /* LoginView.swift */,
				C1D8CEEE2C8D5479006335C2 /* SignupView.swift */,
				C1D8CEF22C8D60F8006335C2 /* TestView.swift */,
				C1D8CEF92C8DB94A006335C2 /* DeleteView.swift */,
				C1D8CF012C8FD492006335C2 /* HomeView.swift */,
				C1D8CF0D2C9137A3006335C2 /* SearchDeviceView.swift */,
				C1D8CF0F2C9139F2006335C2 /* DeviceDetailView.swift */,
				C1D8CF112C913A20006335C2 /* CharacteristicPropertyView.swift */,
				C1D8CF132C9197E4006335C2 /* DevicePairingSuccessView.swift */,
				C1D8CF182C92E895006335C2 /* BeaconView.swift */,
				C1D8CF282C954F20006335C2 /* StreetPassView.swift */,
				C1D8CF5A2C993E3F006335C2 /* AppMain */,
			);
			path = View;
			sourceTree = "<group>";
		};
		C1D8CEEB2C8D527F006335C2 /* ViewModel */ = {
			isa = PBXGroup;
			children = (
				C1D8CF612C994954006335C2 /* AppMain */,
				C1D8CF6E2C9968B7006335C2 /* Auth */,
				C1D8CF6F2C9968DD006335C2 /* TestView */,
				C1D8CF6D2C9968A7006335C2 /* BLE */,
				C1D8CF702C9968ED006335C2 /* StreetPass */,
			);
			path = ViewModel;
			sourceTree = "<group>";
		};
		C1D8CEF42C8D9140006335C2 /* Data */ = {
			isa = PBXGroup;
			children = (
				C1D8CF6B2C9967B0006335C2 /* Auth */,
				C1D8CF6A2C9967A5006335C2 /* NavigationModel */,
				C1D8CF682C996699006335C2 /* BaseURL */,
				C1D8CF6C2C9967D5006335C2 /* DeviceConfig */,
				C1D8CF692C996799006335C2 /* BLE */,
			);
			path = Data;
			sourceTree = "<group>";
		};
		C1D8CF152C92D47D006335C2 /* lib */ = {
			isa = PBXGroup;
			children = (
				C1D8CF652C99666A006335C2 /* AppDelegate */,
				C1D8CF662C99667A006335C2 /* Cookie */,
				C1D8CF672C996683006335C2 /* Beacon */,
			);
			path = lib;
			sourceTree = "<group>";
		};
		C1D8CF5A2C993E3F006335C2 /* AppMain */ = {
			isa = PBXGroup;
			children = (
				C1D8CF5B2C993E64006335C2 /* Friend */,
				C1D8CF5C2C993E72006335C2 /* LostChild */,
				C1D8CF5D2C993E80006335C2 /* Profile */,
				C1D8CF5E2C993E8E006335C2 /* Child */,
			);
			path = AppMain;
			sourceTree = "<group>";
		};
		C1D8CF5B2C993E64006335C2 /* Friend */ = {
			isa = PBXGroup;
			children = (
				C1D8CF4A2C992136006335C2 /* FriendView.swift */,
				C1D8CF4C2C9924BB006335C2 /* FriendList.swift */,
			);
			path = Friend;
			sourceTree = "<group>";
		};
		C1D8CF5C2C993E72006335C2 /* LostChild */ = {
			isa = PBXGroup;
			children = (
				C1D8CF4E2C993612006335C2 /* LostChildView.swift */,
				C1D8CF502C9936B0006335C2 /* LostChildrenList.swift */,
			);
			path = LostChild;
			sourceTree = "<group>";
		};
		C1D8CF5D2C993E80006335C2 /* Profile */ = {
			isa = PBXGroup;
			children = (
				C1D8CF522C993907006335C2 /* ProfileView.swift */,
				C1D8CF542C9939E2006335C2 /* MyProfile.swift */,
				C1D8CF5F2C9948B8006335C2 /* ChildLoginView.swift */,
			);
			path = Profile;
			sourceTree = "<group>";
		};
		C1D8CF5E2C993E8E006335C2 /* Child */ = {
			isa = PBXGroup;
			children = (
				C1D8CF562C993BD8006335C2 /* ChildView.swift */,
				C1D8CF582C993BF4006335C2 /* MyChildrenList.swift */,
			);
			path = Child;
			sourceTree = "<group>";
		};
		C1D8CF612C994954006335C2 /* AppMain */ = {
			isa = PBXGroup;
			children = (
				C1D8CF622C99495E006335C2 /* Profile */,
			);
			path = AppMain;
			sourceTree = "<group>";
		};
		C1D8CF622C99495E006335C2 /* Profile */ = {
			isa = PBXGroup;
			children = (
				C1D8CF632C994975006335C2 /* ChildLoginViewModel.swift */,
			);
			path = Profile;
			sourceTree = "<group>";
		};
		C1D8CF652C99666A006335C2 /* AppDelegate */ = {
			isa = PBXGroup;
			children = (
				C1D8CEE42C8D4BB6006335C2 /* AppDelegate.swift */,
			);
			path = AppDelegate;
			sourceTree = "<group>";
		};
		C1D8CF662C99667A006335C2 /* Cookie */ = {
			isa = PBXGroup;
			children = (
				C1D8CEE92C8D4CD3006335C2 /* CookieManager.swift */,
			);
			path = Cookie;
			sourceTree = "<group>";
		};
		C1D8CF672C996683006335C2 /* Beacon */ = {
			isa = PBXGroup;
			children = (
				C1D8CF162C92D5B1006335C2 /* BeaconReceiver.swift */,
			);
			path = Beacon;
			sourceTree = "<group>";
		};
		C1D8CF682C996699006335C2 /* BaseURL */ = {
			isa = PBXGroup;
			children = (
				C1D8CEFF2C8E80FD006335C2 /* BaseUrl.swift */,
			);
			path = BaseURL;
			sourceTree = "<group>";
		};
		C1D8CF692C996799006335C2 /* BLE */ = {
			isa = PBXGroup;
			children = (
				C1D8CF052C913241006335C2 /* UserBleCharacteristic.swift */,
				C1D8CF072C913277006335C2 /* UserBleService.swift */,
				C1D8CF092C91329B006335C2 /* UserBlePeripheral.swift */,
			);
			path = BLE;
			sourceTree = "<group>";
		};
		C1D8CF6A2C9967A5006335C2 /* NavigationModel */ = {
			isa = PBXGroup;
			children = (
				C1D8CEFD2C8DD2B1006335C2 /* NavigationModel.swift */,
			);
			path = NavigationModel;
			sourceTree = "<group>";
		};
		C1D8CF6B2C9967B0006335C2 /* Auth */ = {
			isa = PBXGroup;
			children = (
				C1D8CEF52C8D9158006335C2 /* Auth.swift */,
			);
			path = Auth;
			sourceTree = "<group>";
		};
		C1D8CF6C2C9967D5006335C2 /* DeviceConfig */ = {
			isa = PBXGroup;
			children = (
				C1D8CF032C912F28006335C2 /* DeviceConfig.swift */,
			);
			path = DeviceConfig;
			sourceTree = "<group>";
		};
		C1D8CF6D2C9968A7006335C2 /* BLE */ = {
			isa = PBXGroup;
			children = (
				C1D8CF0B2C913318006335C2 /* BleCommViewModel.swift */,
				C1D8CF1A2C931126006335C2 /* CharacteristicPropertyViewModel.swift */,
			);
			path = BLE;
			sourceTree = "<group>";
		};
		C1D8CF6E2C9968B7006335C2 /* Auth */ = {
			isa = PBXGroup;
			children = (
				C1D8CEEC2C8D5292006335C2 /* LoginViewModel.swift */,
				C1D8CEF02C8D54E5006335C2 /* SignupViewModel.swift */,
				C1D8CEFB2C8DB9B8006335C2 /* DeleteViewModel.swift */,
			);
			path = Auth;
			sourceTree = "<group>";
		};
		C1D8CF6F2C9968DD006335C2 /* TestView */ = {
			isa = PBXGroup;
			children = (
				C1D8CEF72C8DB02E006335C2 /* TestViewModel.swift */,
			);
			path = TestView;
			sourceTree = "<group>";
		};
		C1D8CF702C9968ED006335C2 /* StreetPass */ = {
			isa = PBXGroup;
			children = (
				C1D8CF2A2C954F4D006335C2 /* StreetPassViewModel.swift */,
			);
			path = StreetPass;
			sourceTree = "<group>";
		};
/* End PBXGroup section */

/* Begin PBXNativeTarget section */
		494737462C787E6300EA38EB /* nanocon02 */ = {
			isa = PBXNativeTarget;
			buildConfigurationList = 494737552C787E6600EA38EB /* Build configuration list for PBXNativeTarget "nanocon02" */;
			buildPhases = (
				494737432C787E6300EA38EB /* Sources */,
				494737442C787E6300EA38EB /* Frameworks */,
				494737452C787E6300EA38EB /* Resources */,
			);
			buildRules = (
			);
			dependencies = (
			);
			name = nanocon02;
			productName = nanocon02;
			productReference = 494737472C787E6300EA38EB /* nanocon02.app */;
			productType = "com.apple.product-type.application";
		};
/* End PBXNativeTarget section */

/* Begin PBXProject section */
		4947373F2C787E6300EA38EB /* Project object */ = {
			isa = PBXProject;
			attributes = {
				BuildIndependentTargetsInParallel = 1;
				LastSwiftUpdateCheck = 1540;
				LastUpgradeCheck = 1540;
				TargetAttributes = {
					494737462C787E6300EA38EB = {
						CreatedOnToolsVersion = 15.4;
					};
				};
			};
			buildConfigurationList = 494737422C787E6300EA38EB /* Build configuration list for PBXProject "nanocon02" */;
			compatibilityVersion = "Xcode 14.0";
			developmentRegion = en;
			hasScannedForEncodings = 0;
			knownRegions = (
				en,
				Base,
			);
			mainGroup = 4947373E2C787E6300EA38EB;
			productRefGroup = 494737482C787E6300EA38EB /* Products */;
			projectDirPath = "";
			projectRoot = "";
			targets = (
				494737462C787E6300EA38EB /* nanocon02 */,
			);
		};
/* End PBXProject section */

/* Begin PBXResourcesBuildPhase section */
		494737452C787E6300EA38EB /* Resources */ = {
			isa = PBXResourcesBuildPhase;
			buildActionMask = 2147483647;
			files = (
				494737522C787E6600EA38EB /* Preview Assets.xcassets in Resources */,
				4947374F2C787E6600EA38EB /* Assets.xcassets in Resources */,
			);
			runOnlyForDeploymentPostprocessing = 0;
		};
/* End PBXResourcesBuildPhase section */

/* Begin PBXSourcesBuildPhase section */
		494737432C787E6300EA38EB /* Sources */ = {
			isa = PBXSourcesBuildPhase;
			buildActionMask = 2147483647;
			files = (
				C1D8CF572C993BD8006335C2 /* ChildView.swift in Sources */,
				C1D8CF602C9948B8006335C2 /* ChildLoginView.swift in Sources */,
				C1D8CEF12C8D54E5006335C2 /* SignupViewModel.swift in Sources */,
				C1D8CF4B2C992137006335C2 /* FriendView.swift in Sources */,
				494737AB2C7D954D00EA38EB /* Talk02.swift in Sources */,
				C1D8CF552C9939E2006335C2 /* MyProfile.swift in Sources */,
				C1D8CF142C9197E4006335C2 /* DevicePairingSuccessView.swift in Sources */,
				C1D8CF4F2C993612006335C2 /* LostChildView.swift in Sources */,
				C1D8CF2B2C954F4D006335C2 /* StreetPassViewModel.swift in Sources */,
				C1D8CEED2C8D5292006335C2 /* LoginViewModel.swift in Sources */,
				C1D8CF122C913A20006335C2 /* CharacteristicPropertyView.swift in Sources */,
				C1D8CF0A2C91329B006335C2 /* UserBlePeripheral.swift in Sources */,
				C1D8CEEF2C8D5479006335C2 /* SignupView.swift in Sources */,
				C1D8CF1B2C931126006335C2 /* CharacteristicPropertyViewModel.swift in Sources */,
				C1D8CF4D2C9924BB006335C2 /* FriendList.swift in Sources */,
				C1D8CF532C993907006335C2 /* ProfileView.swift in Sources */,
				494737A92C7D899600EA38EB /* Talk01.swift in Sources */,
				C1D8CF592C993BF4006335C2 /* MyChildrenList.swift in Sources */,
				C1D8CF062C913241006335C2 /* UserBleCharacteristic.swift in Sources */,
				C1D8CF0C2C913318006335C2 /* BleCommViewModel.swift in Sources */,
				C1D8CEE82C8D4C77006335C2 /* LoginView.swift in Sources */,
				C1D8CF042C912F28006335C2 /* DeviceConfig.swift in Sources */,
				C1D8CF102C9139F2006335C2 /* DeviceDetailView.swift in Sources */,
				C1D8CF292C954F20006335C2 /* StreetPassView.swift in Sources */,
				C1D8CEF82C8DB02E006335C2 /* TestViewModel.swift in Sources */,
				C1D8CEE52C8D4BB6006335C2 /* AppDelegate.swift in Sources */,
				C1D8CF0E2C9137A3006335C2 /* SearchDeviceView.swift in Sources */,
				C1D8CEEA2C8D4CD3006335C2 /* CookieManager.swift in Sources */,
				C1D8CF512C9936B0006335C2 /* LostChildrenList.swift in Sources */,
				C1D8CF022C8FD492006335C2 /* HomeView.swift in Sources */,
				4947374B2C787E6300EA38EB /* nanocon02App.swift in Sources */,
				C1D8CEF62C8D9158006335C2 /* Auth.swift in Sources */,
				C1D8CF082C913277006335C2 /* UserBleService.swift in Sources */,
				C1D8CF642C994975006335C2 /* ChildLoginViewModel.swift in Sources */,
				C1D8CEFE2C8DD2B1006335C2 /* NavigationModel.swift in Sources */,
				C1D8CEF32C8D60F8006335C2 /* TestView.swift in Sources */,
				C1D8CEFC2C8DB9B8006335C2 /* DeleteViewModel.swift in Sources */,
				C1D8CF002C8E80FD006335C2 /* BaseUrl.swift in Sources */,
				C1D8CF172C92D5B1006335C2 /* BeaconReceiver.swift in Sources */,
				C1D8CEFA2C8DB94A006335C2 /* DeleteView.swift in Sources */,
				494737AD2C7D9EC000EA38EB /* Talk03.swift in Sources */,
				C1D8CF192C92E895006335C2 /* BeaconView.swift in Sources */,
			);
			runOnlyForDeploymentPostprocessing = 0;
		};
/* End PBXSourcesBuildPhase section */

/* Begin XCBuildConfiguration section */
		494737532C787E6600EA38EB /* Debug */ = {
			isa = XCBuildConfiguration;
			buildSettings = {
				ALWAYS_SEARCH_USER_PATHS = NO;
				ASSETCATALOG_COMPILER_GENERATE_SWIFT_ASSET_SYMBOL_EXTENSIONS = YES;
				CLANG_ANALYZER_NONNULL = YES;
				CLANG_ANALYZER_NUMBER_OBJECT_CONVERSION = YES_AGGRESSIVE;
				CLANG_CXX_LANGUAGE_STANDARD = "gnu++20";
				CLANG_ENABLE_MODULES = YES;
				CLANG_ENABLE_OBJC_ARC = YES;
				CLANG_ENABLE_OBJC_WEAK = YES;
				CLANG_WARN_BLOCK_CAPTURE_AUTORELEASING = YES;
				CLANG_WARN_BOOL_CONVERSION = YES;
				CLANG_WARN_COMMA = YES;
				CLANG_WARN_CONSTANT_CONVERSION = YES;
				CLANG_WARN_DEPRECATED_OBJC_IMPLEMENTATIONS = YES;
				CLANG_WARN_DIRECT_OBJC_ISA_USAGE = YES_ERROR;
				CLANG_WARN_DOCUMENTATION_COMMENTS = YES;
				CLANG_WARN_EMPTY_BODY = YES;
				CLANG_WARN_ENUM_CONVERSION = YES;
				CLANG_WARN_INFINITE_RECURSION = YES;
				CLANG_WARN_INT_CONVERSION = YES;
				CLANG_WARN_NON_LITERAL_NULL_CONVERSION = YES;
				CLANG_WARN_OBJC_IMPLICIT_RETAIN_SELF = YES;
				CLANG_WARN_OBJC_LITERAL_CONVERSION = YES;
				CLANG_WARN_OBJC_ROOT_CLASS = YES_ERROR;
				CLANG_WARN_QUOTED_INCLUDE_IN_FRAMEWORK_HEADER = YES;
				CLANG_WARN_RANGE_LOOP_ANALYSIS = YES;
				CLANG_WARN_STRICT_PROTOTYPES = YES;
				CLANG_WARN_SUSPICIOUS_MOVE = YES;
				CLANG_WARN_UNGUARDED_AVAILABILITY = YES_AGGRESSIVE;
				CLANG_WARN_UNREACHABLE_CODE = YES;
				CLANG_WARN__DUPLICATE_METHOD_MATCH = YES;
				COPY_PHASE_STRIP = NO;
				DEBUG_INFORMATION_FORMAT = dwarf;
				ENABLE_STRICT_OBJC_MSGSEND = YES;
				ENABLE_TESTABILITY = YES;
				ENABLE_USER_SCRIPT_SANDBOXING = YES;
				GCC_C_LANGUAGE_STANDARD = gnu17;
				GCC_DYNAMIC_NO_PIC = NO;
				GCC_NO_COMMON_BLOCKS = YES;
				GCC_OPTIMIZATION_LEVEL = 0;
				GCC_PREPROCESSOR_DEFINITIONS = (
					"DEBUG=1",
					"$(inherited)",
				);
				GCC_WARN_64_TO_32_BIT_CONVERSION = YES;
				GCC_WARN_ABOUT_RETURN_TYPE = YES_ERROR;
				GCC_WARN_UNDECLARED_SELECTOR = YES;
				GCC_WARN_UNINITIALIZED_AUTOS = YES_AGGRESSIVE;
				GCC_WARN_UNUSED_FUNCTION = YES;
				GCC_WARN_UNUSED_VARIABLE = YES;
				IPHONEOS_DEPLOYMENT_TARGET = 17.5;
				LOCALIZATION_PREFERS_STRING_CATALOGS = YES;
				MTL_ENABLE_DEBUG_INFO = INCLUDE_SOURCE;
				MTL_FAST_MATH = YES;
				ONLY_ACTIVE_ARCH = YES;
				SDKROOT = iphoneos;
				SWIFT_ACTIVE_COMPILATION_CONDITIONS = "DEBUG $(inherited)";
				SWIFT_OPTIMIZATION_LEVEL = "-Onone";
			};
			name = Debug;
		};
		494737542C787E6600EA38EB /* Release */ = {
			isa = XCBuildConfiguration;
			buildSettings = {
				ALWAYS_SEARCH_USER_PATHS = NO;
				ASSETCATALOG_COMPILER_GENERATE_SWIFT_ASSET_SYMBOL_EXTENSIONS = YES;
				CLANG_ANALYZER_NONNULL = YES;
				CLANG_ANALYZER_NUMBER_OBJECT_CONVERSION = YES_AGGRESSIVE;
				CLANG_CXX_LANGUAGE_STANDARD = "gnu++20";
				CLANG_ENABLE_MODULES = YES;
				CLANG_ENABLE_OBJC_ARC = YES;
				CLANG_ENABLE_OBJC_WEAK = YES;
				CLANG_WARN_BLOCK_CAPTURE_AUTORELEASING = YES;
				CLANG_WARN_BOOL_CONVERSION = YES;
				CLANG_WARN_COMMA = YES;
				CLANG_WARN_CONSTANT_CONVERSION = YES;
				CLANG_WARN_DEPRECATED_OBJC_IMPLEMENTATIONS = YES;
				CLANG_WARN_DIRECT_OBJC_ISA_USAGE = YES_ERROR;
				CLANG_WARN_DOCUMENTATION_COMMENTS = YES;
				CLANG_WARN_EMPTY_BODY = YES;
				CLANG_WARN_ENUM_CONVERSION = YES;
				CLANG_WARN_INFINITE_RECURSION = YES;
				CLANG_WARN_INT_CONVERSION = YES;
				CLANG_WARN_NON_LITERAL_NULL_CONVERSION = YES;
				CLANG_WARN_OBJC_IMPLICIT_RETAIN_SELF = YES;
				CLANG_WARN_OBJC_LITERAL_CONVERSION = YES;
				CLANG_WARN_OBJC_ROOT_CLASS = YES_ERROR;
				CLANG_WARN_QUOTED_INCLUDE_IN_FRAMEWORK_HEADER = YES;
				CLANG_WARN_RANGE_LOOP_ANALYSIS = YES;
				CLANG_WARN_STRICT_PROTOTYPES = YES;
				CLANG_WARN_SUSPICIOUS_MOVE = YES;
				CLANG_WARN_UNGUARDED_AVAILABILITY = YES_AGGRESSIVE;
				CLANG_WARN_UNREACHABLE_CODE = YES;
				CLANG_WARN__DUPLICATE_METHOD_MATCH = YES;
				COPY_PHASE_STRIP = NO;
				DEBUG_INFORMATION_FORMAT = "dwarf-with-dsym";
				ENABLE_NS_ASSERTIONS = NO;
				ENABLE_STRICT_OBJC_MSGSEND = YES;
				ENABLE_USER_SCRIPT_SANDBOXING = YES;
				GCC_C_LANGUAGE_STANDARD = gnu17;
				GCC_NO_COMMON_BLOCKS = YES;
				GCC_WARN_64_TO_32_BIT_CONVERSION = YES;
				GCC_WARN_ABOUT_RETURN_TYPE = YES_ERROR;
				GCC_WARN_UNDECLARED_SELECTOR = YES;
				GCC_WARN_UNINITIALIZED_AUTOS = YES_AGGRESSIVE;
				GCC_WARN_UNUSED_FUNCTION = YES;
				GCC_WARN_UNUSED_VARIABLE = YES;
				IPHONEOS_DEPLOYMENT_TARGET = 17.5;
				LOCALIZATION_PREFERS_STRING_CATALOGS = YES;
				MTL_ENABLE_DEBUG_INFO = NO;
				MTL_FAST_MATH = YES;
				SDKROOT = iphoneos;
				SWIFT_COMPILATION_MODE = wholemodule;
				VALIDATE_PRODUCT = YES;
			};
			name = Release;
		};
		494737562C787E6600EA38EB /* Debug */ = {
			isa = XCBuildConfiguration;
			buildSettings = {
				ASSETCATALOG_COMPILER_APPICON_NAME = AppIcon;
				ASSETCATALOG_COMPILER_GLOBAL_ACCENT_COLOR_NAME = AccentColor;
				CODE_SIGN_STYLE = Automatic;
				CURRENT_PROJECT_VERSION = 1;
				DEVELOPMENT_ASSET_PATHS = "\"nanocon02/Preview Content\"";
				DEVELOPMENT_TEAM = UDNCFQBWHP;
				ENABLE_PREVIEWS = YES;
				GENERATE_INFOPLIST_FILE = YES;
				INFOPLIST_KEY_NSBluetoothAlwaysUsageDescription = "we use BLE";
				INFOPLIST_KEY_NSLocationWhenInUseUsageDescription = "we use iBeacon";
				INFOPLIST_KEY_UIApplicationSceneManifest_Generation = YES;
				INFOPLIST_KEY_UIApplicationSupportsIndirectInputEvents = YES;
				INFOPLIST_KEY_UILaunchScreen_Generation = YES;
				INFOPLIST_KEY_UISupportedInterfaceOrientations_iPad = "UIInterfaceOrientationPortrait UIInterfaceOrientationPortraitUpsideDown UIInterfaceOrientationLandscapeLeft UIInterfaceOrientationLandscapeRight";
				INFOPLIST_KEY_UISupportedInterfaceOrientations_iPhone = "UIInterfaceOrientationPortrait UIInterfaceOrientationLandscapeLeft UIInterfaceOrientationLandscapeRight";
				LD_RUNPATH_SEARCH_PATHS = (
					"$(inherited)",
					"@executable_path/Frameworks",
				);
				MARKETING_VERSION = 1.0;
				PRODUCT_BUNDLE_IDENTIFIER = jp.ac.aitech.nanocon03;
				PRODUCT_NAME = "$(TARGET_NAME)";
				SWIFT_EMIT_LOC_STRINGS = YES;
				SWIFT_VERSION = 5.0;
				TARGETED_DEVICE_FAMILY = "1,2";
			};
			name = Debug;
		};
		494737572C787E6600EA38EB /* Release */ = {
			isa = XCBuildConfiguration;
			buildSettings = {
				ASSETCATALOG_COMPILER_APPICON_NAME = AppIcon;
				ASSETCATALOG_COMPILER_GLOBAL_ACCENT_COLOR_NAME = AccentColor;
				CODE_SIGN_STYLE = Automatic;
				CURRENT_PROJECT_VERSION = 1;
				DEVELOPMENT_ASSET_PATHS = "\"nanocon02/Preview Content\"";
				DEVELOPMENT_TEAM = UDNCFQBWHP;
				ENABLE_PREVIEWS = YES;
				GENERATE_INFOPLIST_FILE = YES;
				INFOPLIST_KEY_NSBluetoothAlwaysUsageDescription = "we use BLE";
				INFOPLIST_KEY_NSLocationWhenInUseUsageDescription = "we use iBeacon";
				INFOPLIST_KEY_UIApplicationSceneManifest_Generation = YES;
				INFOPLIST_KEY_UIApplicationSupportsIndirectInputEvents = YES;
				INFOPLIST_KEY_UILaunchScreen_Generation = YES;
				INFOPLIST_KEY_UISupportedInterfaceOrientations_iPad = "UIInterfaceOrientationPortrait UIInterfaceOrientationPortraitUpsideDown UIInterfaceOrientationLandscapeLeft UIInterfaceOrientationLandscapeRight";
				INFOPLIST_KEY_UISupportedInterfaceOrientations_iPhone = "UIInterfaceOrientationPortrait UIInterfaceOrientationLandscapeLeft UIInterfaceOrientationLandscapeRight";
				LD_RUNPATH_SEARCH_PATHS = (
					"$(inherited)",
					"@executable_path/Frameworks",
				);
				MARKETING_VERSION = 1.0;
				PRODUCT_BUNDLE_IDENTIFIER = jp.ac.aitech.nanocon03;
				PRODUCT_NAME = "$(TARGET_NAME)";
				SWIFT_EMIT_LOC_STRINGS = YES;
				SWIFT_VERSION = 5.0;
				TARGETED_DEVICE_FAMILY = "1,2";
			};
			name = Release;
		};
/* End XCBuildConfiguration section */

/* Begin XCConfigurationList section */
		494737422C787E6300EA38EB /* Build configuration list for PBXProject "nanocon02" */ = {
			isa = XCConfigurationList;
			buildConfigurations = (
				494737532C787E6600EA38EB /* Debug */,
				494737542C787E6600EA38EB /* Release */,
			);
			defaultConfigurationIsVisible = 0;
			defaultConfigurationName = Release;
		};
		494737552C787E6600EA38EB /* Build configuration list for PBXNativeTarget "nanocon02" */ = {
			isa = XCConfigurationList;
			buildConfigurations = (
				494737562C787E6600EA38EB /* Debug */,
				494737572C787E6600EA38EB /* Release */,
			);
			defaultConfigurationIsVisible = 0;
			defaultConfigurationName = Release;
		};
/* End XCConfigurationList section */
	};
	rootObject = 4947373F2C787E6300EA38EB /* Project object */;
}
