// !$*UTF8*$!
{
	archiveVersion = 1;
	classes = {
	};
	objectVersion = 56;
	objects = {

/* Begin PBXBuildFile section */
		4947374B2C787E6300EA38EB /* nanocon02App.swift in Sources */ = {isa = PBXBuildFile; fileRef = 4947374A2C787E6300EA38EB /* nanocon02App.swift */; };
		4947374D2C787E6300EA38EB /* ContentView.swift in Sources */ = {isa = PBXBuildFile; fileRef = 4947374C2C787E6300EA38EB /* ContentView.swift */; };
		4947374F2C787E6600EA38EB /* Assets.xcassets in Resources */ = {isa = PBXBuildFile; fileRef = 4947374E2C787E6600EA38EB /* Assets.xcassets */; };
		494737522C787E6600EA38EB /* Preview Assets.xcassets in Resources */ = {isa = PBXBuildFile; fileRef = 494737512C787E6600EA38EB /* Preview Assets.xcassets */; };
		494737592C7883B100EA38EB /* SecondView.swift in Sources */ = {isa = PBXBuildFile; fileRef = 494737582C7883B100EA38EB /* SecondView.swift */; };
		4947375B2C78854000EA38EB /* FriendList.swift in Sources */ = {isa = PBXBuildFile; fileRef = 4947375A2C78854000EA38EB /* FriendList.swift */; };
		494737802C7AFB3000EA38EB /* LostChildren.swift in Sources */ = {isa = PBXBuildFile; fileRef = 4947377F2C7AFB3000EA38EB /* LostChildren.swift */; };
		494737A12C7D73A600EA38EB /* MyChildren.swift in Sources */ = {isa = PBXBuildFile; fileRef = 494737A02C7D73A600EA38EB /* MyChildren.swift */; };
		494737A32C7D740D00EA38EB /* ThirdView.swift in Sources */ = {isa = PBXBuildFile; fileRef = 494737A22C7D740D00EA38EB /* ThirdView.swift */; };
		494737A52C7D74BA00EA38EB /* MyProfile.swift in Sources */ = {isa = PBXBuildFile; fileRef = 494737A42C7D74BA00EA38EB /* MyProfile.swift */; };
		494737A72C7D754800EA38EB /* FourthView.swift in Sources */ = {isa = PBXBuildFile; fileRef = 494737A62C7D754800EA38EB /* FourthView.swift */; };
		494737A92C7D899600EA38EB /* Talk01.swift in Sources */ = {isa = PBXBuildFile; fileRef = 494737A82C7D899600EA38EB /* Talk01.swift */; };
		494737AB2C7D954D00EA38EB /* Talk02.swift in Sources */ = {isa = PBXBuildFile; fileRef = 494737AA2C7D954D00EA38EB /* Talk02.swift */; };
		494737AD2C7D9EC000EA38EB /* Talk03.swift in Sources */ = {isa = PBXBuildFile; fileRef = 494737AC2C7D9EC000EA38EB /* Talk03.swift */; };
		C1D8CEE52C8D4BB6006335C2 /* AppDelegate.swift in Sources */ = {isa = PBXBuildFile; fileRef = C1D8CEE42C8D4BB6006335C2 /* AppDelegate.swift */; };
		C1D8CEE82C8D4C77006335C2 /* LoginView.swift in Sources */ = {isa = PBXBuildFile; fileRef = C1D8CEE72C8D4C77006335C2 /* LoginView.swift */; };
		C1D8CEEA2C8D4CD3006335C2 /* CookieManager.swift in Sources */ = {isa = PBXBuildFile; fileRef = C1D8CEE92C8D4CD3006335C2 /* CookieManager.swift */; };
		C1D8CEED2C8D5292006335C2 /* LoginViewModel.swift in Sources */ = {isa = PBXBuildFile; fileRef = C1D8CEEC2C8D5292006335C2 /* LoginViewModel.swift */; };
		C1D8CEEF2C8D5479006335C2 /* SignupView.swift in Sources */ = {isa = PBXBuildFile; fileRef = C1D8CEEE2C8D5479006335C2 /* SignupView.swift */; };
		C1D8CEF12C8D54E5006335C2 /* SignupViewModel.swift in Sources */ = {isa = PBXBuildFile; fileRef = C1D8CEF02C8D54E5006335C2 /* SignupViewModel.swift */; };
		C1D8CEF32C8D60F8006335C2 /* TestView.swift in Sources */ = {isa = PBXBuildFile; fileRef = C1D8CEF22C8D60F8006335C2 /* TestView.swift */; };
		C1D8CEF62C8D9158006335C2 /* Auth.swift in Sources */ = {isa = PBXBuildFile; fileRef = C1D8CEF52C8D9158006335C2 /* Auth.swift */; };
		C1D8CEF82C8DB02E006335C2 /* TestViewModel.swift in Sources */ = {isa = PBXBuildFile; fileRef = C1D8CEF72C8DB02E006335C2 /* TestViewModel.swift */; };
		C1D8CEFA2C8DB94A006335C2 /* DeleteView.swift in Sources */ = {isa = PBXBuildFile; fileRef = C1D8CEF92C8DB94A006335C2 /* DeleteView.swift */; };
		C1D8CEFC2C8DB9B8006335C2 /* DeleteViewModel.swift in Sources */ = {isa = PBXBuildFile; fileRef = C1D8CEFB2C8DB9B8006335C2 /* DeleteViewModel.swift */; };
		C1D8CEFE2C8DD2B1006335C2 /* NavigationModel.swift in Sources */ = {isa = PBXBuildFile; fileRef = C1D8CEFD2C8DD2B1006335C2 /* NavigationModel.swift */; };
		C1D8CF002C8E80FD006335C2 /* BaseUrl.swift in Sources */ = {isa = PBXBuildFile; fileRef = C1D8CEFF2C8E80FD006335C2 /* BaseUrl.swift */; };
		C1D8CF022C8FD492006335C2 /* HomeView.swift in Sources */ = {isa = PBXBuildFile; fileRef = C1D8CF012C8FD492006335C2 /* HomeView.swift */; };
		C1D8CF042C912F28006335C2 /* DeviceConfig.swift in Sources */ = {isa = PBXBuildFile; fileRef = C1D8CF032C912F28006335C2 /* DeviceConfig.swift */; };
		C1D8CF062C913241006335C2 /* UserBleCharacteristic.swift in Sources */ = {isa = PBXBuildFile; fileRef = C1D8CF052C913241006335C2 /* UserBleCharacteristic.swift */; };
		C1D8CF082C913277006335C2 /* UserBleService.swift in Sources */ = {isa = PBXBuildFile; fileRef = C1D8CF072C913277006335C2 /* UserBleService.swift */; };
		C1D8CF0A2C91329B006335C2 /* UserBlePeripheral.swift in Sources */ = {isa = PBXBuildFile; fileRef = C1D8CF092C91329B006335C2 /* UserBlePeripheral.swift */; };
		C1D8CF0C2C913318006335C2 /* BleCommViewModel.swift in Sources */ = {isa = PBXBuildFile; fileRef = C1D8CF0B2C913318006335C2 /* BleCommViewModel.swift */; };
		C1D8CF0E2C9137A3006335C2 /* SearchDeviceView.swift in Sources */ = {isa = PBXBuildFile; fileRef = C1D8CF0D2C9137A3006335C2 /* SearchDeviceView.swift */; };
		C1D8CF102C9139F2006335C2 /* DeviceDetailView.swift in Sources */ = {isa = PBXBuildFile; fileRef = C1D8CF0F2C9139F2006335C2 /* DeviceDetailView.swift */; };
		C1D8CF122C913A20006335C2 /* CharacteristicPropertyView.swift in Sources */ = {isa = PBXBuildFile; fileRef = C1D8CF112C913A20006335C2 /* CharacteristicPropertyView.swift */; };
		C1D8CF142C9197E4006335C2 /* DevicePairingSuccessView.swift in Sources */ = {isa = PBXBuildFile; fileRef = C1D8CF132C9197E4006335C2 /* DevicePairingSuccessView.swift */; };
		C1D8CF172C92D5B1006335C2 /* BeaconReceiver.swift in Sources */ = {isa = PBXBuildFile; fileRef = C1D8CF162C92D5B1006335C2 /* BeaconReceiver.swift */; };
		C1D8CF192C92E895006335C2 /* BeaconView.swift in Sources */ = {isa = PBXBuildFile; fileRef = C1D8CF182C92E895006335C2 /* BeaconView.swift */; };
		C1D8CF1B2C931126006335C2 /* CharacteristicPropertyViewModel.swift in Sources */ = {isa = PBXBuildFile; fileRef = C1D8CF1A2C931126006335C2 /* CharacteristicPropertyViewModel.swift */; };
/* End PBXBuildFile section */

/* Begin PBXFileReference section */
		494737472C787E6300EA38EB /* nanocon02.app */ = {isa = PBXFileReference; explicitFileType = wrapper.application; includeInIndex = 0; path = nanocon02.app; sourceTree = BUILT_PRODUCTS_DIR; };
		4947374A2C787E6300EA38EB /* nanocon02App.swift */ = {isa = PBXFileReference; lastKnownFileType = sourcecode.swift; path = nanocon02App.swift; sourceTree = "<group>"; };
		4947374C2C787E6300EA38EB /* ContentView.swift */ = {isa = PBXFileReference; lastKnownFileType = sourcecode.swift; path = ContentView.swift; sourceTree = "<group>"; };
		4947374E2C787E6600EA38EB /* Assets.xcassets */ = {isa = PBXFileReference; lastKnownFileType = folder.assetcatalog; path = Assets.xcassets; sourceTree = "<group>"; };
		494737512C787E6600EA38EB /* Preview Assets.xcassets */ = {isa = PBXFileReference; lastKnownFileType = folder.assetcatalog; path = "Preview Assets.xcassets"; sourceTree = "<group>"; };
		494737582C7883B100EA38EB /* SecondView.swift */ = {isa = PBXFileReference; lastKnownFileType = sourcecode.swift; path = SecondView.swift; sourceTree = "<group>"; };
		4947375A2C78854000EA38EB /* FriendList.swift */ = {isa = PBXFileReference; lastKnownFileType = sourcecode.swift; path = FriendList.swift; sourceTree = "<group>"; };
		4947377F2C7AFB3000EA38EB /* LostChildren.swift */ = {isa = PBXFileReference; lastKnownFileType = sourcecode.swift; path = LostChildren.swift; sourceTree = "<group>"; };
		494737A02C7D73A600EA38EB /* MyChildren.swift */ = {isa = PBXFileReference; lastKnownFileType = sourcecode.swift; path = MyChildren.swift; sourceTree = "<group>"; };
		494737A22C7D740D00EA38EB /* ThirdView.swift */ = {isa = PBXFileReference; lastKnownFileType = sourcecode.swift; path = ThirdView.swift; sourceTree = "<group>"; };
		494737A42C7D74BA00EA38EB /* MyProfile.swift */ = {isa = PBXFileReference; lastKnownFileType = sourcecode.swift; path = MyProfile.swift; sourceTree = "<group>"; };
		494737A62C7D754800EA38EB /* FourthView.swift */ = {isa = PBXFileReference; lastKnownFileType = sourcecode.swift; path = FourthView.swift; sourceTree = "<group>"; };
		494737A82C7D899600EA38EB /* Talk01.swift */ = {isa = PBXFileReference; lastKnownFileType = sourcecode.swift; path = Talk01.swift; sourceTree = "<group>"; };
		494737AA2C7D954D00EA38EB /* Talk02.swift */ = {isa = PBXFileReference; lastKnownFileType = sourcecode.swift; path = Talk02.swift; sourceTree = "<group>"; };
		494737AC2C7D9EC000EA38EB /* Talk03.swift */ = {isa = PBXFileReference; lastKnownFileType = sourcecode.swift; path = Talk03.swift; sourceTree = "<group>"; };
		C1D8CEE42C8D4BB6006335C2 /* AppDelegate.swift */ = {isa = PBXFileReference; lastKnownFileType = sourcecode.swift; path = AppDelegate.swift; sourceTree = "<group>"; };
		C1D8CEE72C8D4C77006335C2 /* LoginView.swift */ = {isa = PBXFileReference; lastKnownFileType = sourcecode.swift; path = LoginView.swift; sourceTree = "<group>"; };
		C1D8CEE92C8D4CD3006335C2 /* CookieManager.swift */ = {isa = PBXFileReference; lastKnownFileType = sourcecode.swift; path = CookieManager.swift; sourceTree = "<group>"; };
		C1D8CEEC2C8D5292006335C2 /* LoginViewModel.swift */ = {isa = PBXFileReference; lastKnownFileType = sourcecode.swift; path = LoginViewModel.swift; sourceTree = "<group>"; };
		C1D8CEEE2C8D5479006335C2 /* SignupView.swift */ = {isa = PBXFileReference; lastKnownFileType = sourcecode.swift; path = SignupView.swift; sourceTree = "<group>"; };
		C1D8CEF02C8D54E5006335C2 /* SignupViewModel.swift */ = {isa = PBXFileReference; lastKnownFileType = sourcecode.swift; path = SignupViewModel.swift; sourceTree = "<group>"; };
		C1D8CEF22C8D60F8006335C2 /* TestView.swift */ = {isa = PBXFileReference; lastKnownFileType = sourcecode.swift; path = TestView.swift; sourceTree = "<group>"; };
		C1D8CEF52C8D9158006335C2 /* Auth.swift */ = {isa = PBXFileReference; lastKnownFileType = sourcecode.swift; path = Auth.swift; sourceTree = "<group>"; };
		C1D8CEF72C8DB02E006335C2 /* TestViewModel.swift */ = {isa = PBXFileReference; lastKnownFileType = sourcecode.swift; path = TestViewModel.swift; sourceTree = "<group>"; };
		C1D8CEF92C8DB94A006335C2 /* DeleteView.swift */ = {isa = PBXFileReference; lastKnownFileType = sourcecode.swift; path = DeleteView.swift; sourceTree = "<group>"; };
		C1D8CEFB2C8DB9B8006335C2 /* DeleteViewModel.swift */ = {isa = PBXFileReference; lastKnownFileType = sourcecode.swift; path = DeleteViewModel.swift; sourceTree = "<group>"; };
		C1D8CEFD2C8DD2B1006335C2 /* NavigationModel.swift */ = {isa = PBXFileReference; lastKnownFileType = sourcecode.swift; path = NavigationModel.swift; sourceTree = "<group>"; };
		C1D8CEFF2C8E80FD006335C2 /* BaseUrl.swift */ = {isa = PBXFileReference; lastKnownFileType = sourcecode.swift; path = BaseUrl.swift; sourceTree = "<group>"; };
		C1D8CF012C8FD492006335C2 /* HomeView.swift */ = {isa = PBXFileReference; lastKnownFileType = sourcecode.swift; path = HomeView.swift; sourceTree = "<group>"; };
		C1D8CF032C912F28006335C2 /* DeviceConfig.swift */ = {isa = PBXFileReference; lastKnownFileType = sourcecode.swift; path = DeviceConfig.swift; sourceTree = "<group>"; };
		C1D8CF052C913241006335C2 /* UserBleCharacteristic.swift */ = {isa = PBXFileReference; lastKnownFileType = sourcecode.swift; path = UserBleCharacteristic.swift; sourceTree = "<group>"; };
		C1D8CF072C913277006335C2 /* UserBleService.swift */ = {isa = PBXFileReference; lastKnownFileType = sourcecode.swift; path = UserBleService.swift; sourceTree = "<group>"; };
		C1D8CF092C91329B006335C2 /* UserBlePeripheral.swift */ = {isa = PBXFileReference; lastKnownFileType = sourcecode.swift; path = UserBlePeripheral.swift; sourceTree = "<group>"; };
		C1D8CF0B2C913318006335C2 /* BleCommViewModel.swift */ = {isa = PBXFileReference; lastKnownFileType = sourcecode.swift; path = BleCommViewModel.swift; sourceTree = "<group>"; };
		C1D8CF0D2C9137A3006335C2 /* SearchDeviceView.swift */ = {isa = PBXFileReference; lastKnownFileType = sourcecode.swift; path = SearchDeviceView.swift; sourceTree = "<group>"; };
		C1D8CF0F2C9139F2006335C2 /* DeviceDetailView.swift */ = {isa = PBXFileReference; lastKnownFileType = sourcecode.swift; path = DeviceDetailView.swift; sourceTree = "<group>"; };
		C1D8CF112C913A20006335C2 /* CharacteristicPropertyView.swift */ = {isa = PBXFileReference; lastKnownFileType = sourcecode.swift; path = CharacteristicPropertyView.swift; sourceTree = "<group>"; };
		C1D8CF132C9197E4006335C2 /* DevicePairingSuccessView.swift */ = {isa = PBXFileReference; lastKnownFileType = sourcecode.swift; path = DevicePairingSuccessView.swift; sourceTree = "<group>"; };
		C1D8CF162C92D5B1006335C2 /* BeaconReceiver.swift */ = {isa = PBXFileReference; lastKnownFileType = sourcecode.swift; path = BeaconReceiver.swift; sourceTree = "<group>"; };
		C1D8CF182C92E895006335C2 /* BeaconView.swift */ = {isa = PBXFileReference; lastKnownFileType = sourcecode.swift; path = BeaconView.swift; sourceTree = "<group>"; };
		C1D8CF1A2C931126006335C2 /* CharacteristicPropertyViewModel.swift */ = {isa = PBXFileReference; lastKnownFileType = sourcecode.swift; path = CharacteristicPropertyViewModel.swift; sourceTree = "<group>"; };
/* End PBXFileReference section */

/* Begin PBXFrameworksBuildPhase section */
		494737442C787E6300EA38EB /* Frameworks */ = {
			isa = PBXFrameworksBuildPhase;
			buildActionMask = 2147483647;
			files = (
			);
			runOnlyForDeploymentPostprocessing = 0;
		};
/* End PBXFrameworksBuildPhase section */

/* Begin PBXGroup section */
		4947373E2C787E6300EA38EB = {
			isa = PBXGroup;
			children = (
				4947376A2C7AE8B400EA38EB /* Resources */,
				494737492C787E6300EA38EB /* nanocon02 */,
				494737482C787E6300EA38EB /* Products */,
			);
			sourceTree = "<group>";
		};
		494737482C787E6300EA38EB /* Products */ = {
			isa = PBXGroup;
			children = (
				494737472C787E6300EA38EB /* nanocon02.app */,
			);
			name = Products;
			sourceTree = "<group>";
		};
		494737492C787E6300EA38EB /* nanocon02 */ = {
			isa = PBXGroup;
			children = (
				C1D8CF152C92D47D006335C2 /* lib */,
				C1D8CEF42C8D9140006335C2 /* Data */,
				C1D8CEEB2C8D527F006335C2 /* ViewModel */,
				C1D8CEE62C8D4C56006335C2 /* View */,
				4947374C2C787E6300EA38EB /* ContentView.swift */,
				494737582C7883B100EA38EB /* SecondView.swift */,
				494737A22C7D740D00EA38EB /* ThirdView.swift */,
				494737A62C7D754800EA38EB /* FourthView.swift */,
				4947375A2C78854000EA38EB /* FriendList.swift */,
				4947377F2C7AFB3000EA38EB /* LostChildren.swift */,
				494737A02C7D73A600EA38EB /* MyChildren.swift */,
				494737A42C7D74BA00EA38EB /* MyProfile.swift */,
				494737A82C7D899600EA38EB /* Talk01.swift */,
				494737AA2C7D954D00EA38EB /* Talk02.swift */,
				494737AC2C7D9EC000EA38EB /* Talk03.swift */,
				4947374A2C787E6300EA38EB /* nanocon02App.swift */,
				4947374E2C787E6600EA38EB /* Assets.xcassets */,
				494737502C787E6600EA38EB /* Preview Content */,
			);
			path = nanocon02;
			sourceTree = "<group>";
		};
		494737502C787E6600EA38EB /* Preview Content */ = {
			isa = PBXGroup;
			children = (
				494737512C787E6600EA38EB /* Preview Assets.xcassets */,
			);
			path = "Preview Content";
			sourceTree = "<group>";
		};
		4947376A2C7AE8B400EA38EB /* Resources */ = {
			isa = PBXGroup;
			children = (
			);
			name = Resources;
			path = ../../../../../Desktop/Resources;
			sourceTree = "<group>";
		};
		C1D8CEE62C8D4C56006335C2 /* View */ = {
			isa = PBXGroup;
			children = (
				C1D8CEE72C8D4C77006335C2 /* LoginView.swift */,
				C1D8CEEE2C8D5479006335C2 /* SignupView.swift */,
				C1D8CEF22C8D60F8006335C2 /* TestView.swift */,
				C1D8CEF92C8DB94A006335C2 /* DeleteView.swift */,
				C1D8CF012C8FD492006335C2 /* HomeView.swift */,
				C1D8CF0D2C9137A3006335C2 /* SearchDeviceView.swift */,
				C1D8CF0F2C9139F2006335C2 /* DeviceDetailView.swift */,
				C1D8CF112C913A20006335C2 /* CharacteristicPropertyView.swift */,
				C1D8CF132C9197E4006335C2 /* DevicePairingSuccessView.swift */,
				C1D8CF182C92E895006335C2 /* BeaconView.swift */,
			);
			path = View;
			sourceTree = "<group>";
		};
		C1D8CEEB2C8D527F006335C2 /* ViewModel */ = {
			isa = PBXGroup;
			children = (
				C1D8CEEC2C8D5292006335C2 /* LoginViewModel.swift */,
				C1D8CEF02C8D54E5006335C2 /* SignupViewModel.swift */,
				C1D8CEF72C8DB02E006335C2 /* TestViewModel.swift */,
				C1D8CEFB2C8DB9B8006335C2 /* DeleteViewModel.swift */,
				C1D8CF0B2C913318006335C2 /* BleCommViewModel.swift */,
				C1D8CF1A2C931126006335C2 /* CharacteristicPropertyViewModel.swift */,
			);
			path = ViewModel;
			sourceTree = "<group>";
		};
		C1D8CEF42C8D9140006335C2 /* Data */ = {
			isa = PBXGroup;
			children = (
				C1D8CEF52C8D9158006335C2 /* Auth.swift */,
				C1D8CEFD2C8DD2B1006335C2 /* NavigationModel.swift */,
				C1D8CEFF2C8E80FD006335C2 /* BaseUrl.swift */,
				C1D8CF032C912F28006335C2 /* DeviceConfig.swift */,
				C1D8CF052C913241006335C2 /* UserBleCharacteristic.swift */,
				C1D8CF072C913277006335C2 /* UserBleService.swift */,
				C1D8CF092C91329B006335C2 /* UserBlePeripheral.swift */,
			);
			path = Data;
			sourceTree = "<group>";
		};
		C1D8CF152C92D47D006335C2 /* lib */ = {
			isa = PBXGroup;
			children = (
				C1D8CEE42C8D4BB6006335C2 /* AppDelegate.swift */,
				C1D8CEE92C8D4CD3006335C2 /* CookieManager.swift */,
				C1D8CF162C92D5B1006335C2 /* BeaconReceiver.swift */,
			);
			path = lib;
			sourceTree = "<group>";
		};
/* End PBXGroup section */

/* Begin PBXNativeTarget section */
		494737462C787E6300EA38EB /* nanocon02 */ = {
			isa = PBXNativeTarget;
			buildConfigurationList = 494737552C787E6600EA38EB /* Build configuration list for PBXNativeTarget "nanocon02" */;
			buildPhases = (
				494737432C787E6300EA38EB /* Sources */,
				494737442C787E6300EA38EB /* Frameworks */,
				494737452C787E6300EA38EB /* Resources */,
			);
			buildRules = (
			);
			dependencies = (
			);
			name = nanocon02;
			productName = nanocon02;
			productReference = 494737472C787E6300EA38EB /* nanocon02.app */;
			productType = "com.apple.product-type.application";
		};
/* End PBXNativeTarget section */

/* Begin PBXProject section */
		4947373F2C787E6300EA38EB /* Project object */ = {
			isa = PBXProject;
			attributes = {
				BuildIndependentTargetsInParallel = 1;
				LastSwiftUpdateCheck = 1540;
				LastUpgradeCheck = 1540;
				TargetAttributes = {
					494737462C787E6300EA38EB = {
						CreatedOnToolsVersion = 15.4;
					};
				};
			};
			buildConfigurationList = 494737422C787E6300EA38EB /* Build configuration list for PBXProject "nanocon02" */;
			compatibilityVersion = "Xcode 14.0";
			developmentRegion = en;
			hasScannedForEncodings = 0;
			knownRegions = (
				en,
				Base,
			);
			mainGroup = 4947373E2C787E6300EA38EB;
			productRefGroup = 494737482C787E6300EA38EB /* Products */;
			projectDirPath = "";
			projectRoot = "";
			targets = (
				494737462C787E6300EA38EB /* nanocon02 */,
			);
		};
/* End PBXProject section */

/* Begin PBXResourcesBuildPhase section */
		494737452C787E6300EA38EB /* Resources */ = {
			isa = PBXResourcesBuildPhase;
			buildActionMask = 2147483647;
			files = (
				494737522C787E6600EA38EB /* Preview Assets.xcassets in Resources */,
				4947374F2C787E6600EA38EB /* Assets.xcassets in Resources */,
			);
			runOnlyForDeploymentPostprocessing = 0;
		};
/* End PBXResourcesBuildPhase section */

/* Begin PBXSourcesBuildPhase section */
		494737432C787E6300EA38EB /* Sources */ = {
			isa = PBXSourcesBuildPhase;
			buildActionMask = 2147483647;
			files = (
				C1D8CEF12C8D54E5006335C2 /* SignupViewModel.swift in Sources */,
				494737AB2C7D954D00EA38EB /* Talk02.swift in Sources */,
				494737A32C7D740D00EA38EB /* ThirdView.swift in Sources */,
				494737592C7883B100EA38EB /* SecondView.swift in Sources */,
				C1D8CF142C9197E4006335C2 /* DevicePairingSuccessView.swift in Sources */,
				494737802C7AFB3000EA38EB /* LostChildren.swift in Sources */,
				C1D8CEED2C8D5292006335C2 /* LoginViewModel.swift in Sources */,
				C1D8CF122C913A20006335C2 /* CharacteristicPropertyView.swift in Sources */,
				C1D8CF0A2C91329B006335C2 /* UserBlePeripheral.swift in Sources */,
				C1D8CEEF2C8D5479006335C2 /* SignupView.swift in Sources */,
				C1D8CF1B2C931126006335C2 /* CharacteristicPropertyViewModel.swift in Sources */,
				494737A52C7D74BA00EA38EB /* MyProfile.swift in Sources */,
				494737A92C7D899600EA38EB /* Talk01.swift in Sources */,
				C1D8CF062C913241006335C2 /* UserBleCharacteristic.swift in Sources */,
				494737A12C7D73A600EA38EB /* MyChildren.swift in Sources */,
				C1D8CF0C2C913318006335C2 /* BleCommViewModel.swift in Sources */,
				4947374D2C787E6300EA38EB /* ContentView.swift in Sources */,
				C1D8CEE82C8D4C77006335C2 /* LoginView.swift in Sources */,
				C1D8CF042C912F28006335C2 /* DeviceConfig.swift in Sources */,
				C1D8CF102C9139F2006335C2 /* DeviceDetailView.swift in Sources */,
				C1D8CEF82C8DB02E006335C2 /* TestViewModel.swift in Sources */,
				C1D8CEE52C8D4BB6006335C2 /* AppDelegate.swift in Sources */,
				C1D8CF0E2C9137A3006335C2 /* SearchDeviceView.swift in Sources */,
				C1D8CEEA2C8D4CD3006335C2 /* CookieManager.swift in Sources */,
				C1D8CF022C8FD492006335C2 /* HomeView.swift in Sources */,
				4947374B2C787E6300EA38EB /* nanocon02App.swift in Sources */,
				C1D8CEF62C8D9158006335C2 /* Auth.swift in Sources */,
				C1D8CF082C913277006335C2 /* UserBleService.swift in Sources */,
				C1D8CEFE2C8DD2B1006335C2 /* NavigationModel.swift in Sources */,
				C1D8CEF32C8D60F8006335C2 /* TestView.swift in Sources */,
				494737A72C7D754800EA38EB /* FourthView.swift in Sources */,
				C1D8CEFC2C8DB9B8006335C2 /* DeleteViewModel.swift in Sources */,
				C1D8CF002C8E80FD006335C2 /* BaseUrl.swift in Sources */,
				C1D8CF172C92D5B1006335C2 /* BeaconReceiver.swift in Sources */,
				C1D8CEFA2C8DB94A006335C2 /* DeleteView.swift in Sources */,
				494737AD2C7D9EC000EA38EB /* Talk03.swift in Sources */,
				4947375B2C78854000EA38EB /* FriendList.swift in Sources */,
				C1D8CF192C92E895006335C2 /* BeaconView.swift in Sources */,
			);
			runOnlyForDeploymentPostprocessing = 0;
		};
/* End PBXSourcesBuildPhase section */

/* Begin XCBuildConfiguration section */
		494737532C787E6600EA38EB /* Debug */ = {
			isa = XCBuildConfiguration;
			buildSettings = {
				ALWAYS_SEARCH_USER_PATHS = NO;
				ASSETCATALOG_COMPILER_GENERATE_SWIFT_ASSET_SYMBOL_EXTENSIONS = YES;
				CLANG_ANALYZER_NONNULL = YES;
				CLANG_ANALYZER_NUMBER_OBJECT_CONVERSION = YES_AGGRESSIVE;
				CLANG_CXX_LANGUAGE_STANDARD = "gnu++20";
				CLANG_ENABLE_MODULES = YES;
				CLANG_ENABLE_OBJC_ARC = YES;
				CLANG_ENABLE_OBJC_WEAK = YES;
				CLANG_WARN_BLOCK_CAPTURE_AUTORELEASING = YES;
				CLANG_WARN_BOOL_CONVERSION = YES;
				CLANG_WARN_COMMA = YES;
				CLANG_WARN_CONSTANT_CONVERSION = YES;
				CLANG_WARN_DEPRECATED_OBJC_IMPLEMENTATIONS = YES;
				CLANG_WARN_DIRECT_OBJC_ISA_USAGE = YES_ERROR;
				CLANG_WARN_DOCUMENTATION_COMMENTS = YES;
				CLANG_WARN_EMPTY_BODY = YES;
				CLANG_WARN_ENUM_CONVERSION = YES;
				CLANG_WARN_INFINITE_RECURSION = YES;
				CLANG_WARN_INT_CONVERSION = YES;
				CLANG_WARN_NON_LITERAL_NULL_CONVERSION = YES;
				CLANG_WARN_OBJC_IMPLICIT_RETAIN_SELF = YES;
				CLANG_WARN_OBJC_LITERAL_CONVERSION = YES;
				CLANG_WARN_OBJC_ROOT_CLASS = YES_ERROR;
				CLANG_WARN_QUOTED_INCLUDE_IN_FRAMEWORK_HEADER = YES;
				CLANG_WARN_RANGE_LOOP_ANALYSIS = YES;
				CLANG_WARN_STRICT_PROTOTYPES = YES;
				CLANG_WARN_SUSPICIOUS_MOVE = YES;
				CLANG_WARN_UNGUARDED_AVAILABILITY = YES_AGGRESSIVE;
				CLANG_WARN_UNREACHABLE_CODE = YES;
				CLANG_WARN__DUPLICATE_METHOD_MATCH = YES;
				COPY_PHASE_STRIP = NO;
				DEBUG_INFORMATION_FORMAT = dwarf;
				ENABLE_STRICT_OBJC_MSGSEND = YES;
				ENABLE_TESTABILITY = YES;
				ENABLE_USER_SCRIPT_SANDBOXING = YES;
				GCC_C_LANGUAGE_STANDARD = gnu17;
				GCC_DYNAMIC_NO_PIC = NO;
				GCC_NO_COMMON_BLOCKS = YES;
				GCC_OPTIMIZATION_LEVEL = 0;
				GCC_PREPROCESSOR_DEFINITIONS = (
					"DEBUG=1",
					"$(inherited)",
				);
				GCC_WARN_64_TO_32_BIT_CONVERSION = YES;
				GCC_WARN_ABOUT_RETURN_TYPE = YES_ERROR;
				GCC_WARN_UNDECLARED_SELECTOR = YES;
				GCC_WARN_UNINITIALIZED_AUTOS = YES_AGGRESSIVE;
				GCC_WARN_UNUSED_FUNCTION = YES;
				GCC_WARN_UNUSED_VARIABLE = YES;
				IPHONEOS_DEPLOYMENT_TARGET = 17.5;
				LOCALIZATION_PREFERS_STRING_CATALOGS = YES;
				MTL_ENABLE_DEBUG_INFO = INCLUDE_SOURCE;
				MTL_FAST_MATH = YES;
				ONLY_ACTIVE_ARCH = YES;
				SDKROOT = iphoneos;
				SWIFT_ACTIVE_COMPILATION_CONDITIONS = "DEBUG $(inherited)";
				SWIFT_OPTIMIZATION_LEVEL = "-Onone";
			};
			name = Debug;
		};
		494737542C787E6600EA38EB /* Release */ = {
			isa = XCBuildConfiguration;
			buildSettings = {
				ALWAYS_SEARCH_USER_PATHS = NO;
				ASSETCATALOG_COMPILER_GENERATE_SWIFT_ASSET_SYMBOL_EXTENSIONS = YES;
				CLANG_ANALYZER_NONNULL = YES;
				CLANG_ANALYZER_NUMBER_OBJECT_CONVERSION = YES_AGGRESSIVE;
				CLANG_CXX_LANGUAGE_STANDARD = "gnu++20";
				CLANG_ENABLE_MODULES = YES;
				CLANG_ENABLE_OBJC_ARC = YES;
				CLANG_ENABLE_OBJC_WEAK = YES;
				CLANG_WARN_BLOCK_CAPTURE_AUTORELEASING = YES;
				CLANG_WARN_BOOL_CONVERSION = YES;
				CLANG_WARN_COMMA = YES;
				CLANG_WARN_CONSTANT_CONVERSION = YES;
				CLANG_WARN_DEPRECATED_OBJC_IMPLEMENTATIONS = YES;
				CLANG_WARN_DIRECT_OBJC_ISA_USAGE = YES_ERROR;
				CLANG_WARN_DOCUMENTATION_COMMENTS = YES;
				CLANG_WARN_EMPTY_BODY = YES;
				CLANG_WARN_ENUM_CONVERSION = YES;
				CLANG_WARN_INFINITE_RECURSION = YES;
				CLANG_WARN_INT_CONVERSION = YES;
				CLANG_WARN_NON_LITERAL_NULL_CONVERSION = YES;
				CLANG_WARN_OBJC_IMPLICIT_RETAIN_SELF = YES;
				CLANG_WARN_OBJC_LITERAL_CONVERSION = YES;
				CLANG_WARN_OBJC_ROOT_CLASS = YES_ERROR;
				CLANG_WARN_QUOTED_INCLUDE_IN_FRAMEWORK_HEADER = YES;
				CLANG_WARN_RANGE_LOOP_ANALYSIS = YES;
				CLANG_WARN_STRICT_PROTOTYPES = YES;
				CLANG_WARN_SUSPICIOUS_MOVE = YES;
				CLANG_WARN_UNGUARDED_AVAILABILITY = YES_AGGRESSIVE;
				CLANG_WARN_UNREACHABLE_CODE = YES;
				CLANG_WARN__DUPLICATE_METHOD_MATCH = YES;
				COPY_PHASE_STRIP = NO;
				DEBUG_INFORMATION_FORMAT = "dwarf-with-dsym";
				ENABLE_NS_ASSERTIONS = NO;
				ENABLE_STRICT_OBJC_MSGSEND = YES;
				ENABLE_USER_SCRIPT_SANDBOXING = YES;
				GCC_C_LANGUAGE_STANDARD = gnu17;
				GCC_NO_COMMON_BLOCKS = YES;
				GCC_WARN_64_TO_32_BIT_CONVERSION = YES;
				GCC_WARN_ABOUT_RETURN_TYPE = YES_ERROR;
				GCC_WARN_UNDECLARED_SELECTOR = YES;
				GCC_WARN_UNINITIALIZED_AUTOS = YES_AGGRESSIVE;
				GCC_WARN_UNUSED_FUNCTION = YES;
				GCC_WARN_UNUSED_VARIABLE = YES;
				IPHONEOS_DEPLOYMENT_TARGET = 17.5;
				LOCALIZATION_PREFERS_STRING_CATALOGS = YES;
				MTL_ENABLE_DEBUG_INFO = NO;
				MTL_FAST_MATH = YES;
				SDKROOT = iphoneos;
				SWIFT_COMPILATION_MODE = wholemodule;
				VALIDATE_PRODUCT = YES;
			};
			name = Release;
		};
		494737562C787E6600EA38EB /* Debug */ = {
			isa = XCBuildConfiguration;
			buildSettings = {
				ASSETCATALOG_COMPILER_APPICON_NAME = AppIcon;
				ASSETCATALOG_COMPILER_GLOBAL_ACCENT_COLOR_NAME = AccentColor;
				CODE_SIGN_STYLE = Automatic;
				CURRENT_PROJECT_VERSION = 1;
				DEVELOPMENT_ASSET_PATHS = "\"nanocon02/Preview Content\"";
				DEVELOPMENT_TEAM = JSGGNXCXA4;
				ENABLE_PREVIEWS = YES;
				GENERATE_INFOPLIST_FILE = YES;
				INFOPLIST_KEY_NSBluetoothAlwaysUsageDescription = "we use BLE";
				INFOPLIST_KEY_NSLocationWhenInUseUsageDescription = "we use iBeacon";
				INFOPLIST_KEY_UIApplicationSceneManifest_Generation = YES;
				INFOPLIST_KEY_UIApplicationSupportsIndirectInputEvents = YES;
				INFOPLIST_KEY_UILaunchScreen_Generation = YES;
				INFOPLIST_KEY_UISupportedInterfaceOrientations_iPad = "UIInterfaceOrientationPortrait UIInterfaceOrientationPortraitUpsideDown UIInterfaceOrientationLandscapeLeft UIInterfaceOrientationLandscapeRight";
				INFOPLIST_KEY_UISupportedInterfaceOrientations_iPhone = "UIInterfaceOrientationPortrait UIInterfaceOrientationLandscapeLeft UIInterfaceOrientationLandscapeRight";
				LD_RUNPATH_SEARCH_PATHS = (
					"$(inherited)",
					"@executable_path/Frameworks",
				);
				MARKETING_VERSION = 1.0;
				PRODUCT_BUNDLE_IDENTIFIER = jp.ac.aitech.nanocon02;
				PRODUCT_NAME = "$(TARGET_NAME)";
				SWIFT_EMIT_LOC_STRINGS = YES;
				SWIFT_VERSION = 5.0;
				TARGETED_DEVICE_FAMILY = "1,2";
			};
			name = Debug;
		};
		494737572C787E6600EA38EB /* Release */ = {
			isa = XCBuildConfiguration;
			buildSettings = {
				ASSETCATALOG_COMPILER_APPICON_NAME = AppIcon;
				ASSETCATALOG_COMPILER_GLOBAL_ACCENT_COLOR_NAME = AccentColor;
				CODE_SIGN_STYLE = Automatic;
				CURRENT_PROJECT_VERSION = 1;
				DEVELOPMENT_ASSET_PATHS = "\"nanocon02/Preview Content\"";
				DEVELOPMENT_TEAM = JSGGNXCXA4;
				ENABLE_PREVIEWS = YES;
				GENERATE_INFOPLIST_FILE = YES;
				INFOPLIST_KEY_NSBluetoothAlwaysUsageDescription = "we use BLE";
				INFOPLIST_KEY_NSLocationWhenInUseUsageDescription = "we use iBeacon";
				INFOPLIST_KEY_UIApplicationSceneManifest_Generation = YES;
				INFOPLIST_KEY_UIApplicationSupportsIndirectInputEvents = YES;
				INFOPLIST_KEY_UILaunchScreen_Generation = YES;
				INFOPLIST_KEY_UISupportedInterfaceOrientations_iPad = "UIInterfaceOrientationPortrait UIInterfaceOrientationPortraitUpsideDown UIInterfaceOrientationLandscapeLeft UIInterfaceOrientationLandscapeRight";
				INFOPLIST_KEY_UISupportedInterfaceOrientations_iPhone = "UIInterfaceOrientationPortrait UIInterfaceOrientationLandscapeLeft UIInterfaceOrientationLandscapeRight";
				LD_RUNPATH_SEARCH_PATHS = (
					"$(inherited)",
					"@executable_path/Frameworks",
				);
				MARKETING_VERSION = 1.0;
				PRODUCT_BUNDLE_IDENTIFIER = jp.ac.aitech.nanocon02;
				PRODUCT_NAME = "$(TARGET_NAME)";
				SWIFT_EMIT_LOC_STRINGS = YES;
				SWIFT_VERSION = 5.0;
				TARGETED_DEVICE_FAMILY = "1,2";
			};
			name = Release;
		};
/* End XCBuildConfiguration section */

/* Begin XCConfigurationList section */
		494737422C787E6300EA38EB /* Build configuration list for PBXProject "nanocon02" */ = {
			isa = XCConfigurationList;
			buildConfigurations = (
				494737532C787E6600EA38EB /* Debug */,
				494737542C787E6600EA38EB /* Release */,
			);
			defaultConfigurationIsVisible = 0;
			defaultConfigurationName = Release;
		};
		494737552C787E6600EA38EB /* Build configuration list for PBXNativeTarget "nanocon02" */ = {
			isa = XCConfigurationList;
			buildConfigurations = (
				494737562C787E6600EA38EB /* Debug */,
				494737572C787E6600EA38EB /* Release */,
			);
			defaultConfigurationIsVisible = 0;
			defaultConfigurationName = Release;
		};
/* End XCConfigurationList section */
	};
	rootObject = 4947373F2C787E6300EA38EB /* Project object */;
}
